// !$*UTF8*$!
{
	archiveVersion = 1;
	classes = {
	};
	objectVersion = 77;
	objects = {

/* Begin PBXBuildFile section */
		AAEC45002DA38C7500491CDA /* waterReminderApp Watch App.app in Embed Watch Content */ = {isa = PBXBuildFile; fileRef = AAEC44FF2DA38C7500491CDA /* waterReminderApp Watch App.app */; settings = {ATTRIBUTES = (RemoveHeadersOnCopy, ); }; };
/* End PBXBuildFile section */

/* Begin PBXContainerItemProxy section */
		AAEC45012DA38C7500491CDA /* PBXContainerItemProxy */ = {
			isa = PBXContainerItemProxy;
			containerPortal = AAEC44F32DA38C7500491CDA /* Project object */;
			proxyType = 1;
			remoteGlobalIDString = AAEC44FE2DA38C7500491CDA;
			remoteInfo = "waterReminderApp Watch App";
		};
		AAEC45122DA38C7700491CDA /* PBXContainerItemProxy */ = {
			isa = PBXContainerItemProxy;
			containerPortal = AAEC44F32DA38C7500491CDA /* Project object */;
			proxyType = 1;
			remoteGlobalIDString = AAEC44FE2DA38C7500491CDA;
			remoteInfo = "waterReminderApp Watch App";
		};
		AAEC451C2DA38C7700491CDA /* PBXContainerItemProxy */ = {
			isa = PBXContainerItemProxy;
			containerPortal = AAEC44F32DA38C7500491CDA /* Project object */;
			proxyType = 1;
			remoteGlobalIDString = AAEC44FE2DA38C7500491CDA;
			remoteInfo = "waterReminderApp Watch App";
		};
/* End PBXContainerItemProxy section */

/* Begin PBXCopyFilesBuildPhase section */
		AAEC45282DA38C7700491CDA /* Embed Watch Content */ = {
			isa = PBXCopyFilesBuildPhase;
			buildActionMask = 2147483647;
			dstPath = "$(CONTENTS_FOLDER_PATH)/Watch";
			dstSubfolderSpec = 16;
			files = (
				AAEC45002DA38C7500491CDA /* waterReminderApp Watch App.app in Embed Watch Content */,
			);
			name = "Embed Watch Content";
			runOnlyForDeploymentPostprocessing = 0;
		};
/* End PBXCopyFilesBuildPhase section */

/* Begin PBXFileReference section */
		AAEC44F92DA38C7500491CDA /* waterReminderApp.app */ = {isa = PBXFileReference; explicitFileType = wrapper.application; includeInIndex = 0; path = waterReminderApp.app; sourceTree = BUILT_PRODUCTS_DIR; };
		AAEC44FF2DA38C7500491CDA /* waterReminderApp Watch App.app */ = {isa = PBXFileReference; explicitFileType = wrapper.application; includeInIndex = 0; path = "waterReminderApp Watch App.app"; sourceTree = BUILT_PRODUCTS_DIR; };
		AAEC45112DA38C7700491CDA /* waterReminderApp Watch AppTests.xctest */ = {isa = PBXFileReference; explicitFileType = wrapper.cfbundle; includeInIndex = 0; path = "waterReminderApp Watch AppTests.xctest"; sourceTree = BUILT_PRODUCTS_DIR; };
		AAEC451B2DA38C7700491CDA /* waterReminderApp Watch AppUITests.xctest */ = {isa = PBXFileReference; explicitFileType = wrapper.cfbundle; includeInIndex = 0; path = "waterReminderApp Watch AppUITests.xctest"; sourceTree = BUILT_PRODUCTS_DIR; };
/* End PBXFileReference section */

/* Begin PBXFileSystemSynchronizedRootGroup section */
		AAEC45032DA38C7500491CDA /* waterReminderApp Watch App */ = {
			isa = PBXFileSystemSynchronizedRootGroup;
			path = "waterReminderApp Watch App";
			sourceTree = "<group>";
		};
		AAEC45142DA38C7700491CDA /* waterReminderApp Watch AppTests */ = {
			isa = PBXFileSystemSynchronizedRootGroup;
			path = "waterReminderApp Watch AppTests";
			sourceTree = "<group>";
		};
		AAEC451E2DA38C7700491CDA /* waterReminderApp Watch AppUITests */ = {
			isa = PBXFileSystemSynchronizedRootGroup;
			path = "waterReminderApp Watch AppUITests";
			sourceTree = "<group>";
		};
/* End PBXFileSystemSynchronizedRootGroup section */

/* Begin PBXFrameworksBuildPhase section */
		AAEC44FC2DA38C7500491CDA /* Frameworks */ = {
			isa = PBXFrameworksBuildPhase;
			buildActionMask = 2147483647;
			files = (
			);
			runOnlyForDeploymentPostprocessing = 0;
		};
		AAEC450E2DA38C7700491CDA /* Frameworks */ = {
			isa = PBXFrameworksBuildPhase;
			buildActionMask = 2147483647;
			files = (
			);
			runOnlyForDeploymentPostprocessing = 0;
		};
		AAEC45182DA38C7700491CDA /* Frameworks */ = {
			isa = PBXFrameworksBuildPhase;
			buildActionMask = 2147483647;
			files = (
			);
			runOnlyForDeploymentPostprocessing = 0;
		};
/* End PBXFrameworksBuildPhase section */

/* Begin PBXGroup section */
		AAEC44F22DA38C7500491CDA = {
			isa = PBXGroup;
			children = (
				AAEC45032DA38C7500491CDA /* waterReminderApp Watch App */,
				AAEC45142DA38C7700491CDA /* waterReminderApp Watch AppTests */,
				AAEC451E2DA38C7700491CDA /* waterReminderApp Watch AppUITests */,
				AAEC44FA2DA38C7500491CDA /* Products */,
			);
			sourceTree = "<group>";
		};
		AAEC44FA2DA38C7500491CDA /* Products */ = {
			isa = PBXGroup;
			children = (
				AAEC44F92DA38C7500491CDA /* waterReminderApp.app */,
				AAEC44FF2DA38C7500491CDA /* waterReminderApp Watch App.app */,
				AAEC45112DA38C7700491CDA /* waterReminderApp Watch AppTests.xctest */,
				AAEC451B2DA38C7700491CDA /* waterReminderApp Watch AppUITests.xctest */,
			);
			name = Products;
			sourceTree = "<group>";
		};
/* End PBXGroup section */

/* Begin PBXNativeTarget section */
		AAEC44F82DA38C7500491CDA /* waterReminderApp */ = {
			isa = PBXNativeTarget;
			buildConfigurationList = AAEC45292DA38C7700491CDA /* Build configuration list for PBXNativeTarget "waterReminderApp" */;
			buildPhases = (
				AAEC44F72DA38C7500491CDA /* Resources */,
				AAEC45282DA38C7700491CDA /* Embed Watch Content */,
			);
			buildRules = (
			);
			dependencies = (
				AAEC45022DA38C7500491CDA /* PBXTargetDependency */,
			);
			name = waterReminderApp;
			packageProductDependencies = (
			);
			productName = waterReminderApp;
			productReference = AAEC44F92DA38C7500491CDA /* waterReminderApp.app */;
			productType = "com.apple.product-type.application.watchapp2-container";
		};
		AAEC44FE2DA38C7500491CDA /* waterReminderApp Watch App */ = {
			isa = PBXNativeTarget;
			buildConfigurationList = AAEC45252DA38C7700491CDA /* Build configuration list for PBXNativeTarget "waterReminderApp Watch App" */;
			buildPhases = (
				AAEC44FB2DA38C7500491CDA /* Sources */,
				AAEC44FC2DA38C7500491CDA /* Frameworks */,
				AAEC44FD2DA38C7500491CDA /* Resources */,
			);
			buildRules = (
			);
			dependencies = (
			);
			fileSystemSynchronizedGroups = (
				AAEC45032DA38C7500491CDA /* waterReminderApp Watch App */,
			);
			name = "waterReminderApp Watch App";
			packageProductDependencies = (
			);
			productName = "waterReminderApp Watch App";
			productReference = AAEC44FF2DA38C7500491CDA /* waterReminderApp Watch App.app */;
			productType = "com.apple.product-type.application";
		};
		AAEC45102DA38C7700491CDA /* waterReminderApp Watch AppTests */ = {
			isa = PBXNativeTarget;
			buildConfigurationList = AAEC452C2DA38C7700491CDA /* Build configuration list for PBXNativeTarget "waterReminderApp Watch AppTests" */;
			buildPhases = (
				AAEC450D2DA38C7700491CDA /* Sources */,
				AAEC450E2DA38C7700491CDA /* Frameworks */,
				AAEC450F2DA38C7700491CDA /* Resources */,
			);
			buildRules = (
			);
			dependencies = (
				AAEC45132DA38C7700491CDA /* PBXTargetDependency */,
			);
			fileSystemSynchronizedGroups = (
				AAEC45142DA38C7700491CDA /* waterReminderApp Watch AppTests */,
			);
			name = "waterReminderApp Watch AppTests";
			packageProductDependencies = (
			);
			productName = "waterReminderApp Watch AppTests";
			productReference = AAEC45112DA38C7700491CDA /* waterReminderApp Watch AppTests.xctest */;
			productType = "com.apple.product-type.bundle.unit-test";
		};
		AAEC451A2DA38C7700491CDA /* waterReminderApp Watch AppUITests */ = {
			isa = PBXNativeTarget;
			buildConfigurationList = AAEC452F2DA38C7700491CDA /* Build configuration list for PBXNativeTarget "waterReminderApp Watch AppUITests" */;
			buildPhases = (
				AAEC45172DA38C7700491CDA /* Sources */,
				AAEC45182DA38C7700491CDA /* Frameworks */,
				AAEC45192DA38C7700491CDA /* Resources */,
			);
			buildRules = (
			);
			dependencies = (
				AAEC451D2DA38C7700491CDA /* PBXTargetDependency */,
			);
			fileSystemSynchronizedGroups = (
				AAEC451E2DA38C7700491CDA /* waterReminderApp Watch AppUITests */,
			);
			name = "waterReminderApp Watch AppUITests";
			packageProductDependencies = (
			);
			productName = "waterReminderApp Watch AppUITests";
			productReference = AAEC451B2DA38C7700491CDA /* waterReminderApp Watch AppUITests.xctest */;
			productType = "com.apple.product-type.bundle.ui-testing";
		};
/* End PBXNativeTarget section */

/* Begin PBXProject section */
		AAEC44F32DA38C7500491CDA /* Project object */ = {
			isa = PBXProject;
			attributes = {
				BuildIndependentTargetsInParallel = 1;
				LastSwiftUpdateCheck = 1620;
				LastUpgradeCheck = 1620;
				TargetAttributes = {
					AAEC44F82DA38C7500491CDA = {
						CreatedOnToolsVersion = 16.2;
					};
					AAEC44FE2DA38C7500491CDA = {
						CreatedOnToolsVersion = 16.2;
					};
					AAEC45102DA38C7700491CDA = {
						CreatedOnToolsVersion = 16.2;
						TestTargetID = AAEC44FE2DA38C7500491CDA;
					};
					AAEC451A2DA38C7700491CDA = {
						CreatedOnToolsVersion = 16.2;
						TestTargetID = AAEC44FE2DA38C7500491CDA;
					};
				};
			};
			buildConfigurationList = AAEC44F62DA38C7500491CDA /* Build configuration list for PBXProject "waterReminderApp" */;
			developmentRegion = en;
			hasScannedForEncodings = 0;
			knownRegions = (
				en,
				Base,
			);
			mainGroup = AAEC44F22DA38C7500491CDA;
			minimizedProjectReferenceProxies = 1;
			preferredProjectObjectVersion = 77;
			productRefGroup = AAEC44FA2DA38C7500491CDA /* Products */;
			projectDirPath = "";
			projectRoot = "";
			targets = (
				AAEC44F82DA38C7500491CDA /* waterReminderApp */,
				AAEC44FE2DA38C7500491CDA /* waterReminderApp Watch App */,
				AAEC45102DA38C7700491CDA /* waterReminderApp Watch AppTests */,
				AAEC451A2DA38C7700491CDA /* waterReminderApp Watch AppUITests */,
			);
		};
/* End PBXProject section */

/* Begin PBXResourcesBuildPhase section */
		AAEC44F72DA38C7500491CDA /* Resources */ = {
			isa = PBXResourcesBuildPhase;
			buildActionMask = 2147483647;
			files = (
			);
			runOnlyForDeploymentPostprocessing = 0;
		};
		AAEC44FD2DA38C7500491CDA /* Resources */ = {
			isa = PBXResourcesBuildPhase;
			buildActionMask = 2147483647;
			files = (
			);
			runOnlyForDeploymentPostprocessing = 0;
		};
		AAEC450F2DA38C7700491CDA /* Resources */ = {
			isa = PBXResourcesBuildPhase;
			buildActionMask = 2147483647;
			files = (
			);
			runOnlyForDeploymentPostprocessing = 0;
		};
		AAEC45192DA38C7700491CDA /* Resources */ = {
			isa = PBXResourcesBuildPhase;
			buildActionMask = 2147483647;
			files = (
			);
			runOnlyForDeploymentPostprocessing = 0;
		};
/* End PBXResourcesBuildPhase section */

/* Begin PBXSourcesBuildPhase section */
		AAEC44FB2DA38C7500491CDA /* Sources */ = {
			isa = PBXSourcesBuildPhase;
			buildActionMask = 2147483647;
			files = (
			);
			runOnlyForDeploymentPostprocessing = 0;
		};
		AAEC450D2DA38C7700491CDA /* Sources */ = {
			isa = PBXSourcesBuildPhase;
			buildActionMask = 2147483647;
			files = (
			);
			runOnlyForDeploymentPostprocessing = 0;
		};
		AAEC45172DA38C7700491CDA /* Sources */ = {
			isa = PBXSourcesBuildPhase;
			buildActionMask = 2147483647;
			files = (
			);
			runOnlyForDeploymentPostprocessing = 0;
		};
/* End PBXSourcesBuildPhase section */

/* Begin PBXTargetDependency section */
		AAEC45022DA38C7500491CDA /* PBXTargetDependency */ = {
			isa = PBXTargetDependency;
			target = AAEC44FE2DA38C7500491CDA /* waterReminderApp Watch App */;
			targetProxy = AAEC45012DA38C7500491CDA /* PBXContainerItemProxy */;
		};
		AAEC45132DA38C7700491CDA /* PBXTargetDependency */ = {
			isa = PBXTargetDependency;
			target = AAEC44FE2DA38C7500491CDA /* waterReminderApp Watch App */;
			targetProxy = AAEC45122DA38C7700491CDA /* PBXContainerItemProxy */;
		};
		AAEC451D2DA38C7700491CDA /* PBXTargetDependency */ = {
			isa = PBXTargetDependency;
			target = AAEC44FE2DA38C7500491CDA /* waterReminderApp Watch App */;
			targetProxy = AAEC451C2DA38C7700491CDA /* PBXContainerItemProxy */;
		};
/* End PBXTargetDependency section */

/* Begin XCBuildConfiguration section */
		AAEC45232DA38C7700491CDA /* Debug */ = {
			isa = XCBuildConfiguration;
			buildSettings = {
				ALWAYS_SEARCH_USER_PATHS = NO;
				ASSETCATALOG_COMPILER_GENERATE_SWIFT_ASSET_SYMBOL_EXTENSIONS = YES;
				CLANG_ANALYZER_NONNULL = YES;
				CLANG_ANALYZER_NUMBER_OBJECT_CONVERSION = YES_AGGRESSIVE;
				CLANG_CXX_LANGUAGE_STANDARD = "gnu++20";
				CLANG_ENABLE_MODULES = YES;
				CLANG_ENABLE_OBJC_ARC = YES;
				CLANG_ENABLE_OBJC_WEAK = YES;
				CLANG_WARN_BLOCK_CAPTURE_AUTORELEASING = YES;
				CLANG_WARN_BOOL_CONVERSION = YES;
				CLANG_WARN_COMMA = YES;
				CLANG_WARN_CONSTANT_CONVERSION = YES;
				CLANG_WARN_DEPRECATED_OBJC_IMPLEMENTATIONS = YES;
				CLANG_WARN_DIRECT_OBJC_ISA_USAGE = YES_ERROR;
				CLANG_WARN_DOCUMENTATION_COMMENTS = YES;
				CLANG_WARN_EMPTY_BODY = YES;
				CLANG_WARN_ENUM_CONVERSION = YES;
				CLANG_WARN_INFINITE_RECURSION = YES;
				CLANG_WARN_INT_CONVERSION = YES;
				CLANG_WARN_NON_LITERAL_NULL_CONVERSION = YES;
				CLANG_WARN_OBJC_IMPLICIT_RETAIN_SELF = YES;
				CLANG_WARN_OBJC_LITERAL_CONVERSION = YES;
				CLANG_WARN_OBJC_ROOT_CLASS = YES_ERROR;
				CLANG_WARN_QUOTED_INCLUDE_IN_FRAMEWORK_HEADER = YES;
				CLANG_WARN_RANGE_LOOP_ANALYSIS = YES;
				CLANG_WARN_STRICT_PROTOTYPES = YES;
				CLANG_WARN_SUSPICIOUS_MOVE = YES;
				CLANG_WARN_UNGUARDED_AVAILABILITY = YES_AGGRESSIVE;
				CLANG_WARN_UNREACHABLE_CODE = YES;
				CLANG_WARN__DUPLICATE_METHOD_MATCH = YES;
				COPY_PHASE_STRIP = NO;
				DEBUG_INFORMATION_FORMAT = dwarf;
				ENABLE_STRICT_OBJC_MSGSEND = YES;
				ENABLE_TESTABILITY = YES;
				ENABLE_USER_SCRIPT_SANDBOXING = YES;
				GCC_C_LANGUAGE_STANDARD = gnu17;
				GCC_DYNAMIC_NO_PIC = NO;
				GCC_NO_COMMON_BLOCKS = YES;
				GCC_OPTIMIZATION_LEVEL = 0;
				GCC_PREPROCESSOR_DEFINITIONS = (
					"DEBUG=1",
					"$(inherited)",
				);
				GCC_WARN_64_TO_32_BIT_CONVERSION = YES;
				GCC_WARN_ABOUT_RETURN_TYPE = YES_ERROR;
				GCC_WARN_UNDECLARED_SELECTOR = YES;
				GCC_WARN_UNINITIALIZED_AUTOS = YES_AGGRESSIVE;
				GCC_WARN_UNUSED_FUNCTION = YES;
				GCC_WARN_UNUSED_VARIABLE = YES;
				LOCALIZATION_PREFERS_STRING_CATALOGS = YES;
				MTL_ENABLE_DEBUG_INFO = INCLUDE_SOURCE;
				MTL_FAST_MATH = YES;
				ONLY_ACTIVE_ARCH = YES;
				SWIFT_ACTIVE_COMPILATION_CONDITIONS = "DEBUG $(inherited)";
				SWIFT_OPTIMIZATION_LEVEL = "-Onone";
			};
			name = Debug;
		};
		AAEC45242DA38C7700491CDA /* Release */ = {
			isa = XCBuildConfiguration;
			buildSettings = {
				ALWAYS_SEARCH_USER_PATHS = NO;
				ASSETCATALOG_COMPILER_GENERATE_SWIFT_ASSET_SYMBOL_EXTENSIONS = YES;
				CLANG_ANALYZER_NONNULL = YES;
				CLANG_ANALYZER_NUMBER_OBJECT_CONVERSION = YES_AGGRESSIVE;
				CLANG_CXX_LANGUAGE_STANDARD = "gnu++20";
				CLANG_ENABLE_MODULES = YES;
				CLANG_ENABLE_OBJC_ARC = YES;
				CLANG_ENABLE_OBJC_WEAK = YES;
				CLANG_WARN_BLOCK_CAPTURE_AUTORELEASING = YES;
				CLANG_WARN_BOOL_CONVERSION = YES;
				CLANG_WARN_COMMA = YES;
				CLANG_WARN_CONSTANT_CONVERSION = YES;
				CLANG_WARN_DEPRECATED_OBJC_IMPLEMENTATIONS = YES;
				CLANG_WARN_DIRECT_OBJC_ISA_USAGE = YES_ERROR;
				CLANG_WARN_DOCUMENTATION_COMMENTS = YES;
				CLANG_WARN_EMPTY_BODY = YES;
				CLANG_WARN_ENUM_CONVERSION = YES;
				CLANG_WARN_INFINITE_RECURSION = YES;
				CLANG_WARN_INT_CONVERSION = YES;
				CLANG_WARN_NON_LITERAL_NULL_CONVERSION = YES;
				CLANG_WARN_OBJC_IMPLICIT_RETAIN_SELF = YES;
				CLANG_WARN_OBJC_LITERAL_CONVERSION = YES;
				CLANG_WARN_OBJC_ROOT_CLASS = YES_ERROR;
				CLANG_WARN_QUOTED_INCLUDE_IN_FRAMEWORK_HEADER = YES;
				CLANG_WARN_RANGE_LOOP_ANALYSIS = YES;
				CLANG_WARN_STRICT_PROTOTYPES = YES;
				CLANG_WARN_SUSPICIOUS_MOVE = YES;
				CLANG_WARN_UNGUARDED_AVAILABILITY = YES_AGGRESSIVE;
				CLANG_WARN_UNREACHABLE_CODE = YES;
				CLANG_WARN__DUPLICATE_METHOD_MATCH = YES;
				COPY_PHASE_STRIP = NO;
				DEBUG_INFORMATION_FORMAT = "dwarf-with-dsym";
				ENABLE_NS_ASSERTIONS = NO;
				ENABLE_STRICT_OBJC_MSGSEND = YES;
				ENABLE_USER_SCRIPT_SANDBOXING = YES;
				GCC_C_LANGUAGE_STANDARD = gnu17;
				GCC_NO_COMMON_BLOCKS = YES;
				GCC_WARN_64_TO_32_BIT_CONVERSION = YES;
				GCC_WARN_ABOUT_RETURN_TYPE = YES_ERROR;
				GCC_WARN_UNDECLARED_SELECTOR = YES;
				GCC_WARN_UNINITIALIZED_AUTOS = YES_AGGRESSIVE;
				GCC_WARN_UNUSED_FUNCTION = YES;
				GCC_WARN_UNUSED_VARIABLE = YES;
				LOCALIZATION_PREFERS_STRING_CATALOGS = YES;
				MTL_ENABLE_DEBUG_INFO = NO;
				MTL_FAST_MATH = YES;
				SWIFT_COMPILATION_MODE = wholemodule;
			};
			name = Release;
		};
		AAEC45262DA38C7700491CDA /* Debug */ = {
			isa = XCBuildConfiguration;
			buildSettings = {
				ASSETCATALOG_COMPILER_APPICON_NAME = AppIcon;
				ASSETCATALOG_COMPILER_GLOBAL_ACCENT_COLOR_NAME = AccentColor;
				CODE_SIGN_STYLE = Automatic;
				CURRENT_PROJECT_VERSION = 1;
				DEVELOPMENT_ASSET_PATHS = "\"waterReminderApp Watch App/Preview Content\"";
				DEVELOPMENT_TEAM = TUM2AVRA9B;
				ENABLE_PREVIEWS = YES;
				GENERATE_INFOPLIST_FILE = YES;
				INFOPLIST_KEY_CFBundleDisplayName = waterReminderApp;
				INFOPLIST_KEY_UISupportedInterfaceOrientations = "UIInterfaceOrientationPortrait UIInterfaceOrientationPortraitUpsideDown";
				INFOPLIST_KEY_WKWatchOnly = YES;
				LD_RUNPATH_SEARCH_PATHS = (
					"$(inherited)",
					"@executable_path/Frameworks",
				);
				MARKETING_VERSION = 1.0;
				PRODUCT_BUNDLE_IDENTIFIER = studioMalva.waterReminderApp.watchkitapp;
				PRODUCT_NAME = "$(TARGET_NAME)";
				SDKROOT = watchos;
				SKIP_INSTALL = YES;
				SWIFT_EMIT_LOC_STRINGS = YES;
				SWIFT_VERSION = 5.0;
				TARGETED_DEVICE_FAMILY = 4;
				WATCHOS_DEPLOYMENT_TARGET = 11.2;
			};
			name = Debug;
		};
		AAEC45272DA38C7700491CDA /* Release */ = {
			isa = XCBuildConfiguration;
			buildSettings = {
				ASSETCATALOG_COMPILER_APPICON_NAME = AppIcon;
				ASSETCATALOG_COMPILER_GLOBAL_ACCENT_COLOR_NAME = AccentColor;
				CODE_SIGN_STYLE = Automatic;
				CURRENT_PROJECT_VERSION = 1;
				DEVELOPMENT_ASSET_PATHS = "\"waterReminderApp Watch App/Preview Content\"";
				DEVELOPMENT_TEAM = TUM2AVRA9B;
				ENABLE_PREVIEWS = YES;
				GENERATE_INFOPLIST_FILE = YES;
				INFOPLIST_KEY_CFBundleDisplayName = waterReminderApp;
				INFOPLIST_KEY_UISupportedInterfaceOrientations = "UIInterfaceOrientationPortrait UIInterfaceOrientationPortraitUpsideDown";
				INFOPLIST_KEY_WKWatchOnly = YES;
				LD_RUNPATH_SEARCH_PATHS = (
					"$(inherited)",
					"@executable_path/Frameworks",
				);
				MARKETING_VERSION = 1.0;
				PRODUCT_BUNDLE_IDENTIFIER = studioMalva.waterReminderApp.watchkitapp;
				PRODUCT_NAME = "$(TARGET_NAME)";
				SDKROOT = watchos;
				SKIP_INSTALL = YES;
				SWIFT_EMIT_LOC_STRINGS = YES;
				SWIFT_VERSION = 5.0;
				TARGETED_DEVICE_FAMILY = 4;
				VALIDATE_PRODUCT = YES;
				WATCHOS_DEPLOYMENT_TARGET = 11.2;
			};
			name = Release;
		};
		AAEC452A2DA38C7700491CDA /* Debug */ = {
			isa = XCBuildConfiguration;
			buildSettings = {
				CODE_SIGN_STYLE = Automatic;
				CURRENT_PROJECT_VERSION = 1;
				DEVELOPMENT_TEAM = TUM2AVRA9B;
				INFOPLIST_KEY_CFBundleDisplayName = waterReminderApp;
				MARKETING_VERSION = 1.0;
				PRODUCT_BUNDLE_IDENTIFIER = studioMalva.waterReminderApp;
				PRODUCT_NAME = "$(TARGET_NAME)";
				SDKROOT = iphoneos;
				SWIFT_VERSION = 5.0;
			};
			name = Debug;
		};
		AAEC452B2DA38C7700491CDA /* Release */ = {
			isa = XCBuildConfiguration;
			buildSettings = {
				CODE_SIGN_STYLE = Automatic;
				CURRENT_PROJECT_VERSION = 1;
				DEVELOPMENT_TEAM = TUM2AVRA9B;
				INFOPLIST_KEY_CFBundleDisplayName = waterReminderApp;
				MARKETING_VERSION = 1.0;
				PRODUCT_BUNDLE_IDENTIFIER = studioMalva.waterReminderApp;
				PRODUCT_NAME = "$(TARGET_NAME)";
				SDKROOT = iphoneos;
				SWIFT_VERSION = 5.0;
				VALIDATE_PRODUCT = YES;
			};
			name = Release;
		};
		AAEC452D2DA38C7700491CDA /* Debug */ = {
			isa = XCBuildConfiguration;
			buildSettings = {
				BUNDLE_LOADER = "$(TEST_HOST)";
				CODE_SIGN_STYLE = Automatic;
				CURRENT_PROJECT_VERSION = 1;
				DEVELOPMENT_TEAM = TUM2AVRA9B;
				GENERATE_INFOPLIST_FILE = YES;
				MARKETING_VERSION = 1.0;
				PRODUCT_BUNDLE_IDENTIFIER = "studioMalva.waterReminderApp-Watch-AppTests";
				PRODUCT_NAME = "$(TARGET_NAME)";
				SDKROOT = watchos;
				SWIFT_EMIT_LOC_STRINGS = NO;
				SWIFT_VERSION = 5.0;
				TARGETED_DEVICE_FAMILY = 4;
				TEST_HOST = "$(BUILT_PRODUCTS_DIR)/waterReminderApp Watch App.app/$(BUNDLE_EXECUTABLE_FOLDER_PATH)/waterReminderApp Watch App";
				WATCHOS_DEPLOYMENT_TARGET = 11.2;
			};
			name = Debug;
		};
		AAEC452E2DA38C7700491CDA /* Release */ = {
			isa = XCBuildConfiguration;
			buildSettings = {
				BUNDLE_LOADER = "$(TEST_HOST)";
				CODE_SIGN_STYLE = Automatic;
				CURRENT_PROJECT_VERSION = 1;
				DEVELOPMENT_TEAM = TUM2AVRA9B;
				GENERATE_INFOPLIST_FILE = YES;
				MARKETING_VERSION = 1.0;
				PRODUCT_BUNDLE_IDENTIFIER = "studioMalva.waterReminderApp-Watch-AppTests";
				PRODUCT_NAME = "$(TARGET_NAME)";
				SDKROOT = watchos;
				SWIFT_EMIT_LOC_STRINGS = NO;
				SWIFT_VERSION = 5.0;
				TARGETED_DEVICE_FAMILY = 4;
				TEST_HOST = "$(BUILT_PRODUCTS_DIR)/waterReminderApp Watch App.app/$(BUNDLE_EXECUTABLE_FOLDER_PATH)/waterReminderApp Watch App";
				VALIDATE_PRODUCT = YES;
				WATCHOS_DEPLOYMENT_TARGET = 11.2;
			};
			name = Release;
		};
		AAEC45302DA38C7700491CDA /* Debug */ = {
			isa = XCBuildConfiguration;
			buildSettings = {
				CODE_SIGN_STYLE = Automatic;
				CURRENT_PROJECT_VERSION = 1;
				DEVELOPMENT_TEAM = TUM2AVRA9B;
				GENERATE_INFOPLIST_FILE = YES;
				MARKETING_VERSION = 1.0;
				PRODUCT_BUNDLE_IDENTIFIER = "studioMalva.waterReminderApp-Watch-AppUITests";
				PRODUCT_NAME = "$(TARGET_NAME)";
				SDKROOT = watchos;
				SWIFT_EMIT_LOC_STRINGS = NO;
				SWIFT_VERSION = 5.0;
				TARGETED_DEVICE_FAMILY = 4;
				TEST_TARGET_NAME = "waterReminderApp Watch App";
				WATCHOS_DEPLOYMENT_TARGET = 11.2;
			};
			name = Debug;
		};
		AAEC45312DA38C7700491CDA /* Release */ = {
			isa = XCBuildConfiguration;
			buildSettings = {
				CODE_SIGN_STYLE = Automatic;
				CURRENT_PROJECT_VERSION = 1;
				DEVELOPMENT_TEAM = TUM2AVRA9B;
				GENERATE_INFOPLIST_FILE = YES;
				MARKETING_VERSION = 1.0;
				PRODUCT_BUNDLE_IDENTIFIER = "studioMalva.waterReminderApp-Watch-AppUITests";
				PRODUCT_NAME = "$(TARGET_NAME)";
				SDKROOT = watchos;
				SWIFT_EMIT_LOC_STRINGS = NO;
				SWIFT_VERSION = 5.0;
				TARGETED_DEVICE_FAMILY = 4;
				TEST_TARGET_NAME = "waterReminderApp Watch App";
				VALIDATE_PRODUCT = YES;
				WATCHOS_DEPLOYMENT_TARGET = 11.2;
			};
			name = Release;
		};
/* End XCBuildConfiguration section */

/* Begin XCConfigurationList section */
		AAEC44F62DA38C7500491CDA /* Build configuration list for PBXProject "waterReminderApp" */ = {
			isa = XCConfigurationList;
			buildConfigurations = (
				AAEC45232DA38C7700491CDA /* Debug */,
				AAEC45242DA38C7700491CDA /* Release */,
			);
			defaultConfigurationIsVisible = 0;
			defaultConfigurationName = Release;
		};
		AAEC45252DA38C7700491CDA /* Build configuration list for PBXNativeTarget "waterReminderApp Watch App" */ = {
			isa = XCConfigurationList;
			buildConfigurations = (
				AAEC45262DA38C7700491CDA /* Debug */,
				AAEC45272DA38C7700491CDA /* Release */,
			);
			defaultConfigurationIsVisible = 0;
			defaultConfigurationName = Release;
		};
		AAEC45292DA38C7700491CDA /* Build configuration list for PBXNativeTarget "waterReminderApp" */ = {
			isa = XCConfigurationList;
			buildConfigurations = (
				AAEC452A2DA38C7700491CDA /* Debug */,
				AAEC452B2DA38C7700491CDA /* Release */,
			);
			defaultConfigurationIsVisible = 0;
			defaultConfigurationName = Release;
		};
		AAEC452C2DA38C7700491CDA /* Build configuration list for PBXNativeTarget "waterReminderApp Watch AppTests" */ = {
			isa = XCConfigurationList;
			buildConfigurations = (
				AAEC452D2DA38C7700491CDA /* Debug */,
				AAEC452E2DA38C7700491CDA /* Release */,
			);
			defaultConfigurationIsVisible = 0;
			defaultConfigurationName = Release;
		};
		AAEC452F2DA38C7700491CDA /* Build configuration list for PBXNativeTarget "waterReminderApp Watch AppUITests" */ = {
			isa = XCConfigurationList;
			buildConfigurations = (
				AAEC45302DA38C7700491CDA /* Debug */,
				AAEC45312DA38C7700491CDA /* Release */,
			);
			defaultConfigurationIsVisible = 0;
			defaultConfigurationName = Release;
		};
/* End XCConfigurationList section */
	};
	rootObject = AAEC44F32DA38C7500491CDA /* Project object */;
}
